// !$*UTF8*$!
{
	archiveVersion = 1;
	classes = {
	};
	objectVersion = 46;
	objects = {

/* Begin PBXBuildFile section */
		DDE622D4178B82DC0007769D /* Cocoa.framework in Frameworks */ = {isa = PBXBuildFile; fileRef = DD96C9471760FA3F0003A30C /* Cocoa.framework */; };
		DDE622DA178B82DC0007769D /* InfoPlist.strings in Resources */ = {isa = PBXBuildFile; fileRef = DDE622D8178B82DC0007769D /* InfoPlist.strings */; };
		DDE622DC178B82DC0007769D /* main.m in Sources */ = {isa = PBXBuildFile; fileRef = DDE622DB178B82DC0007769D /* main.m */; };
		DDE622E0178B82DC0007769D /* Credits.rtf in Resources */ = {isa = PBXBuildFile; fileRef = DDE622DE178B82DC0007769D /* Credits.rtf */; };
		DDE622E3178B82DC0007769D /* FHTDocument.m in Sources */ = {isa = PBXBuildFile; fileRef = DDE622E2178B82DC0007769D /* FHTDocument.m */; };
		DDE622E6178B82DC0007769D /* FHTDocument.xib in Resources */ = {isa = PBXBuildFile; fileRef = DDE622E4178B82DC0007769D /* FHTDocument.xib */; };
		DDE622E9178B82DC0007769D /* MainMenu.xib in Resources */ = {isa = PBXBuildFile; fileRef = DDE622E7178B82DC0007769D /* MainMenu.xib */; };
		DDE622ED178B84250007769D /* FHTItemView.m in Sources */ = {isa = PBXBuildFile; fileRef = DD96C966176105B60003A30C /* FHTItemView.m */; };
		DDE622EE178B842E0007769D /* FHTDelegate.m in Sources */ = {isa = PBXBuildFile; fileRef = DD96C97617669F240003A30C /* FHTDelegate.m */; };
		DDE622EF178B842E0007769D /* FHTLCDStatusView.m in Sources */ = {isa = PBXBuildFile; fileRef = DD96C97B176934820003A30C /* FHTLCDStatusView.m */; };
		DDE622F0178B842E0007769D /* FHTToolbar.m in Sources */ = {isa = PBXBuildFile; fileRef = DD96C98117696BC50003A30C /* FHTToolbar.m */; };
/* End PBXBuildFile section */

/* Begin PBXFileReference section */
		DD96C9471760FA3F0003A30C /* Cocoa.framework */ = {isa = PBXFileReference; lastKnownFileType = wrapper.framework; name = Cocoa.framework; path = System/Library/Frameworks/Cocoa.framework; sourceTree = SDKROOT; };
		DD96C94A1760FA3F0003A30C /* AppKit.framework */ = {isa = PBXFileReference; lastKnownFileType = wrapper.framework; name = AppKit.framework; path = System/Library/Frameworks/AppKit.framework; sourceTree = SDKROOT; };
		DD96C94B1760FA3F0003A30C /* CoreData.framework */ = {isa = PBXFileReference; lastKnownFileType = wrapper.framework; name = CoreData.framework; path = System/Library/Frameworks/CoreData.framework; sourceTree = SDKROOT; };
		DD96C94C1760FA3F0003A30C /* Foundation.framework */ = {isa = PBXFileReference; lastKnownFileType = wrapper.framework; name = Foundation.framework; path = System/Library/Frameworks/Foundation.framework; sourceTree = SDKROOT; };
		DD96C965176105B60003A30C /* FHTItemView.h */ = {isa = PBXFileReference; fileEncoding = 4; lastKnownFileType = sourcecode.c.h; name = FHTItemView.h; path = Library/FHTItemView.h; sourceTree = "<group>"; };
		DD96C966176105B60003A30C /* FHTItemView.m */ = {isa = PBXFileReference; fileEncoding = 4; lastKnownFileType = sourcecode.c.objc; name = FHTItemView.m; path = Library/FHTItemView.m; sourceTree = "<group>"; };
		DD96C97517669F240003A30C /* FHTDelegate.h */ = {isa = PBXFileReference; fileEncoding = 4; lastKnownFileType = sourcecode.c.h; name = FHTDelegate.h; path = Library/FHTDelegate.h; sourceTree = "<group>"; };
		DD96C97617669F240003A30C /* FHTDelegate.m */ = {isa = PBXFileReference; fileEncoding = 4; lastKnownFileType = sourcecode.c.objc; name = FHTDelegate.m; path = Library/FHTDelegate.m; sourceTree = "<group>"; };
		DD96C97A176934820003A30C /* FHTLCDStatusView.h */ = {isa = PBXFileReference; fileEncoding = 4; lastKnownFileType = sourcecode.c.h; name = FHTLCDStatusView.h; path = Library/FHTLCDStatusView.h; sourceTree = "<group>"; };
		DD96C97B176934820003A30C /* FHTLCDStatusView.m */ = {isa = PBXFileReference; fileEncoding = 4; lastKnownFileType = sourcecode.c.objc; name = FHTLCDStatusView.m; path = Library/FHTLCDStatusView.m; sourceTree = "<group>"; };
		DD96C98017696BC50003A30C /* FHTToolbar.h */ = {isa = PBXFileReference; fileEncoding = 4; lastKnownFileType = sourcecode.c.h; name = FHTToolbar.h; path = Library/FHTToolbar.h; sourceTree = "<group>"; };
		DD96C98117696BC50003A30C /* FHTToolbar.m */ = {isa = PBXFileReference; fileEncoding = 4; lastKnownFileType = sourcecode.c.objc; name = FHTToolbar.m; path = Library/FHTToolbar.m; sourceTree = "<group>"; };
		DDE622D3178B82DC0007769D /* Sample.app */ = {isa = PBXFileReference; explicitFileType = wrapper.application; includeInIndex = 0; path = Sample.app; sourceTree = BUILT_PRODUCTS_DIR; };
		DDE622D7178B82DC0007769D /* Sample-Info.plist */ = {isa = PBXFileReference; lastKnownFileType = text.plist.xml; path = "Sample-Info.plist"; sourceTree = "<group>"; };
		DDE622D9178B82DC0007769D /* en */ = {isa = PBXFileReference; lastKnownFileType = text.plist.strings; name = en; path = en.lproj/InfoPlist.strings; sourceTree = "<group>"; };
		DDE622DB178B82DC0007769D /* main.m */ = {isa = PBXFileReference; lastKnownFileType = sourcecode.c.objc; path = main.m; sourceTree = "<group>"; };
		DDE622DD178B82DC0007769D /* Sample-Prefix.pch */ = {isa = PBXFileReference; lastKnownFileType = sourcecode.c.h; path = "Sample-Prefix.pch"; sourceTree = "<group>"; };
		DDE622DF178B82DC0007769D /* en */ = {isa = PBXFileReference; lastKnownFileType = text.rtf; name = en; path = en.lproj/Credits.rtf; sourceTree = "<group>"; };
		DDE622E1178B82DC0007769D /* FHTDocument.h */ = {isa = PBXFileReference; lastKnownFileType = sourcecode.c.h; path = FHTDocument.h; sourceTree = "<group>"; };
		DDE622E2178B82DC0007769D /* FHTDocument.m */ = {isa = PBXFileReference; lastKnownFileType = sourcecode.c.objc; path = FHTDocument.m; sourceTree = "<group>"; };
		DDE622E5178B82DC0007769D /* en */ = {isa = PBXFileReference; lastKnownFileType = file.xib; name = en; path = en.lproj/FHTDocument.xib; sourceTree = "<group>"; };
		DDE622E8178B82DC0007769D /* en */ = {isa = PBXFileReference; lastKnownFileType = file.xib; name = en; path = en.lproj/MainMenu.xib; sourceTree = "<group>"; };
/* End PBXFileReference section */

/* Begin PBXFrameworksBuildPhase section */
		DDE622D0178B82DC0007769D /* Frameworks */ = {
			isa = PBXFrameworksBuildPhase;
			buildActionMask = 2147483647;
			files = (
				DDE622D4178B82DC0007769D /* Cocoa.framework in Frameworks */,
			);
			runOnlyForDeploymentPostprocessing = 0;
		};
/* End PBXFrameworksBuildPhase section */

/* Begin PBXGroup section */
		DD96C93B1760FA3F0003A30C = {
			isa = PBXGroup;
			children = (
				DD96C964176103FF0003A30C /* Library */,
				DDE622D5178B82DC0007769D /* Sample */,
				DD96C9461760FA3F0003A30C /* Frameworks */,
				DD96C9451760FA3F0003A30C /* Products */,
			);
			sourceTree = "<group>";
		};
		DD96C9451760FA3F0003A30C /* Products */ = {
			isa = PBXGroup;
			children = (
				DDE622D3178B82DC0007769D /* Sample.app */,
			);
			name = Products;
			sourceTree = "<group>";
		};
		DD96C9461760FA3F0003A30C /* Frameworks */ = {
			isa = PBXGroup;
			children = (
				DD96C9471760FA3F0003A30C /* Cocoa.framework */,
				DD96C9491760FA3F0003A30C /* Other Frameworks */,
			);
			name = Frameworks;
			sourceTree = "<group>";
		};
		DD96C9491760FA3F0003A30C /* Other Frameworks */ = {
			isa = PBXGroup;
			children = (
				DD96C94A1760FA3F0003A30C /* AppKit.framework */,
				DD96C94B1760FA3F0003A30C /* CoreData.framework */,
				DD96C94C1760FA3F0003A30C /* Foundation.framework */,
			);
			name = "Other Frameworks";
			sourceTree = "<group>";
		};
		DD96C964176103FF0003A30C /* Library */ = {
			isa = PBXGroup;
			children = (
				DD96C965176105B60003A30C /* FHTItemView.h */,
				DD96C966176105B60003A30C /* FHTItemView.m */,
				DD96C97517669F240003A30C /* FHTDelegate.h */,
				DD96C97617669F240003A30C /* FHTDelegate.m */,
				DD96C97A176934820003A30C /* FHTLCDStatusView.h */,
				DD96C97B176934820003A30C /* FHTLCDStatusView.m */,
				DD96C98017696BC50003A30C /* FHTToolbar.h */,
				DD96C98117696BC50003A30C /* FHTToolbar.m */,
			);
			name = Library;
			sourceTree = "<group>";
		};
		DDE622D5178B82DC0007769D /* Sample */ = {
			isa = PBXGroup;
			children = (
				DDE622E1178B82DC0007769D /* FHTDocument.h */,
				DDE622E2178B82DC0007769D /* FHTDocument.m */,
				DDE622E4178B82DC0007769D /* FHTDocument.xib */,
				DDE622E7178B82DC0007769D /* MainMenu.xib */,
				DDE622D6178B82DC0007769D /* Supporting Files */,
			);
			path = Sample;
			sourceTree = "<group>";
		};
		DDE622D6178B82DC0007769D /* Supporting Files */ = {
			isa = PBXGroup;
			children = (
				DDE622D7178B82DC0007769D /* Sample-Info.plist */,
				DDE622D8178B82DC0007769D /* InfoPlist.strings */,
				DDE622DB178B82DC0007769D /* main.m */,
				DDE622DD178B82DC0007769D /* Sample-Prefix.pch */,
				DDE622DE178B82DC0007769D /* Credits.rtf */,
			);
			name = "Supporting Files";
			sourceTree = "<group>";
		};
/* End PBXGroup section */

/* Begin PBXNativeTarget section */
		DDE622D2178B82DC0007769D /* Sample */ = {
			isa = PBXNativeTarget;
			buildConfigurationList = DDE622EC178B82DC0007769D /* Build configuration list for PBXNativeTarget "Sample" */;
			buildPhases = (
				DDE622CF178B82DC0007769D /* Sources */,
				DDE622D0178B82DC0007769D /* Frameworks */,
				DDE622D1178B82DC0007769D /* Resources */,
			);
			buildRules = (
			);
			dependencies = (
			);
			name = Sample;
			productName = Sample;
			productReference = DDE622D3178B82DC0007769D /* Sample.app */;
			productType = "com.apple.product-type.application";
		};
/* End PBXNativeTarget section */

/* Begin PBXProject section */
		DD96C93C1760FA3F0003A30C /* Project object */ = {
			isa = PBXProject;
			attributes = {
				CLASSPREFIX = FHT;
				LastUpgradeCheck = 0460;
				ORGANIZATIONNAME = "David Catmull";
			};
			buildConfigurationList = DD96C93F1760FA3F0003A30C /* Build configuration list for PBXProject "FullHeightToolbar" */;
			compatibilityVersion = "Xcode 3.2";
			developmentRegion = English;
			hasScannedForEncodings = 0;
			knownRegions = (
				en,
			);
			mainGroup = DD96C93B1760FA3F0003A30C;
			productRefGroup = DD96C9451760FA3F0003A30C /* Products */;
			projectDirPath = "";
			projectRoot = "";
			targets = (
				DDE622D2178B82DC0007769D /* Sample */,
			);
		};
/* End PBXProject section */

/* Begin PBXResourcesBuildPhase section */
		DDE622D1178B82DC0007769D /* Resources */ = {
			isa = PBXResourcesBuildPhase;
			buildActionMask = 2147483647;
			files = (
				DDE622DA178B82DC0007769D /* InfoPlist.strings in Resources */,
				DDE622E0178B82DC0007769D /* Credits.rtf in Resources */,
				DDE622E6178B82DC0007769D /* FHTDocument.xib in Resources */,
				DDE622E9178B82DC0007769D /* MainMenu.xib in Resources */,
			);
			runOnlyForDeploymentPostprocessing = 0;
		};
/* End PBXResourcesBuildPhase section */

/* Begin PBXSourcesBuildPhase section */
		DDE622CF178B82DC0007769D /* Sources */ = {
			isa = PBXSourcesBuildPhase;
			buildActionMask = 2147483647;
			files = (
				DDE622DC178B82DC0007769D /* main.m in Sources */,
				DDE622E3178B82DC0007769D /* FHTDocument.m in Sources */,
				DDE622ED178B84250007769D /* FHTItemView.m in Sources */,
				DDE622EE178B842E0007769D /* FHTDelegate.m in Sources */,
				DDE622EF178B842E0007769D /* FHTLCDStatusView.m in Sources */,
				DDE622F0178B842E0007769D /* FHTToolbar.m in Sources */,
			);
			runOnlyForDeploymentPostprocessing = 0;
		};
/* End PBXSourcesBuildPhase section */

/* Begin PBXVariantGroup section */
		DDE622D8178B82DC0007769D /* InfoPlist.strings */ = {
			isa = PBXVariantGroup;
			children = (
				DDE622D9178B82DC0007769D /* en */,
			);
			name = InfoPlist.strings;
			sourceTree = "<group>";
		};
		DDE622DE178B82DC0007769D /* Credits.rtf */ = {
			isa = PBXVariantGroup;
			children = (
				DDE622DF178B82DC0007769D /* en */,
			);
			name = Credits.rtf;
			sourceTree = "<group>";
		};
		DDE622E4178B82DC0007769D /* FHTDocument.xib */ = {
			isa = PBXVariantGroup;
			children = (
				DDE622E5178B82DC0007769D /* en */,
			);
			name = FHTDocument.xib;
			sourceTree = "<group>";
		};
		DDE622E7178B82DC0007769D /* MainMenu.xib */ = {
			isa = PBXVariantGroup;
			children = (
				DDE622E8178B82DC0007769D /* en */,
			);
			name = MainMenu.xib;
			sourceTree = "<group>";
		};
/* End PBXVariantGroup section */

/* Begin XCBuildConfiguration section */
		DD96C95F1760FA3F0003A30C /* Debug */ = {
			isa = XCBuildConfiguration;
			buildSettings = {
				ALWAYS_SEARCH_USER_PATHS = NO;
				ARCHS = "$(ARCHS_STANDARD_64_BIT)";
				CLANG_CXX_LANGUAGE_STANDARD = "gnu++0x";
				CLANG_CXX_LIBRARY = "libc++";
				CLANG_ENABLE_OBJC_ARC = YES;
				CLANG_WARN_CONSTANT_CONVERSION = YES;
				CLANG_WARN_EMPTY_BODY = YES;
				CLANG_WARN_ENUM_CONVERSION = YES;
				CLANG_WARN_INT_CONVERSION = YES;
				CLANG_WARN__DUPLICATE_METHOD_MATCH = YES;
				COPY_PHASE_STRIP = NO;
				GCC_C_LANGUAGE_STANDARD = gnu99;
				GCC_DYNAMIC_NO_PIC = NO;
				GCC_ENABLE_OBJC_EXCEPTIONS = YES;
				GCC_OPTIMIZATION_LEVEL = 0;
				GCC_PREPROCESSOR_DEFINITIONS = (
					"DEBUG=1",
					"$(inherited)",
				);
				GCC_SYMBOLS_PRIVATE_EXTERN = NO;
				GCC_WARN_64_TO_32_BIT_CONVERSION = YES;
				GCC_WARN_ABOUT_RETURN_TYPE = YES;
				GCC_WARN_UNINITIALIZED_AUTOS = YES;
				GCC_WARN_UNUSED_VARIABLE = YES;
				MACOSX_DEPLOYMENT_TARGET = 10.8;
				ONLY_ACTIVE_ARCH = YES;
				SDKROOT = macosx;
			};
			name = Debug;
		};
		DD96C9601760FA3F0003A30C /* Release */ = {
			isa = XCBuildConfiguration;
			buildSettings = {
				ALWAYS_SEARCH_USER_PATHS = NO;
				ARCHS = "$(ARCHS_STANDARD_64_BIT)";
				CLANG_CXX_LANGUAGE_STANDARD = "gnu++0x";
				CLANG_CXX_LIBRARY = "libc++";
				CLANG_ENABLE_OBJC_ARC = YES;
				CLANG_WARN_CONSTANT_CONVERSION = YES;
				CLANG_WARN_EMPTY_BODY = YES;
				CLANG_WARN_ENUM_CONVERSION = YES;
				CLANG_WARN_INT_CONVERSION = YES;
				CLANG_WARN__DUPLICATE_METHOD_MATCH = YES;
				COPY_PHASE_STRIP = YES;
				DEBUG_INFORMATION_FORMAT = "dwarf-with-dsym";
				GCC_C_LANGUAGE_STANDARD = gnu99;
				GCC_ENABLE_OBJC_EXCEPTIONS = YES;
				GCC_WARN_64_TO_32_BIT_CONVERSION = YES;
				GCC_WARN_ABOUT_RETURN_TYPE = YES;
				GCC_WARN_UNINITIALIZED_AUTOS = YES;
				GCC_WARN_UNUSED_VARIABLE = YES;
				MACOSX_DEPLOYMENT_TARGET = 10.8;
				SDKROOT = macosx;
			};
			name = Release;
		};
		DDE622EA178B82DC0007769D /* Debug */ = {
			isa = XCBuildConfiguration;
			buildSettings = {
				COMBINE_HIDPI_IMAGES = YES;
				GCC_PRECOMPILE_PREFIX_HEADER = YES;
				GCC_PREFIX_HEADER = "Sample/Sample-Prefix.pch";
				INFOPLIST_FILE = "Sample/Sample-Info.plist";
				PRODUCT_NAME = "$(TARGET_NAME)";
				WRAPPER_EXTENSION = app;
			};
			name = Debug;
		};
		DDE622EB178B82DC0007769D /* Release */ = {
			isa = XCBuildConfiguration;
			buildSettings = {
				COMBINE_HIDPI_IMAGES = YES;
				GCC_PRECOMPILE_PREFIX_HEADER = YES;
				GCC_PREFIX_HEADER = "Sample/Sample-Prefix.pch";
				INFOPLIST_FILE = "Sample/Sample-Info.plist";
				PRODUCT_NAME = "$(TARGET_NAME)";
				WRAPPER_EXTENSION = app;
			};
			name = Release;
		};
/* End XCBuildConfiguration section */

/* Begin XCConfigurationList section */
		DD96C93F1760FA3F0003A30C /* Build configuration list for PBXProject "FullHeightToolbar" */ = {
			isa = XCConfigurationList;
			buildConfigurations = (
				DD96C95F1760FA3F0003A30C /* Debug */,
				DD96C9601760FA3F0003A30C /* Release */,
			);
			defaultConfigurationIsVisible = 0;
			defaultConfigurationName = Release;
		};
		DDE622EC178B82DC0007769D /* Build configuration list for PBXNativeTarget "Sample" */ = {
			isa = XCConfigurationList;
			buildConfigurations = (
				DDE622EA178B82DC0007769D /* Debug */,
				DDE622EB178B82DC0007769D /* Release */,
			);
			defaultConfigurationIsVisible = 0;
		};
/* End XCConfigurationList section */
	};
	rootObject = DD96C93C1760FA3F0003A30C /* Project object */;
}
